
Microsoft Visual Studio Solution File, Format Version 12.00
# Visual Studio 15
Project("{FAE04EC0-301F-11D3-BF4B-00C04F79EFBC}") = "Task17_BootcampRefactory", "Task17_BootcampRefactory\Task17_BootcampRefactory.csproj", "{FC78E13C-B6CE-4A02-B73A-64A6D3EFFAD0}"
EndProject
Global
	GlobalSection(SolutionConfigurationPlatforms) = preSolution
		Debug|Any CPU = Debug|Any CPU
		Release|Any CPU = Release|Any CPU
	EndGlobalSection
	GlobalSection(ProjectConfigurationPlatforms) = postSolution
		{FC78E13C-B6CE-4A02-B73A-64A6D3EFFAD0}.Debug|Any CPU.ActiveCfg = Debug|Any CPU
		{FC78E13C-B6CE-4A02-B73A-64A6D3EFFAD0}.Debug|Any CPU.Build.0 = Debug|Any CPU
		{FC78E13C-B6CE-4A02-B73A-64A6D3EFFAD0}.Release|Any CPU.ActiveCfg = Release|Any CPU
		{FC78E13C-B6CE-4A02-B73A-64A6D3EFFAD0}.Release|Any CPU.Build.0 = Release|Any CPU
	EndGlobalSection
EndGlobal
